
Microsoft Visual Studio Solution File, Format Version 12.00
# Visual Studio 14
VisualStudioVersion = 14.0.23107.0
MinimumVisualStudioVersion = 10.0.40219.1
Project("{FAE04EC0-301F-11D3-BF4B-00C04F79EFBC}") = "MoqTests", "MoqTests\MoqTests.csproj", "{E1FB16FC-D98D-4A3F-8B8F-3941FBDD3CDD}"
EndProject
Project("{FAE04EC0-301F-11D3-BF4B-00C04F79EFBC}") = "MoqTests.Tests", "MoqTests.Tests\MoqTests.Tests.csproj", "{5B2999E3-7464-47C9-9DA4-EA34A5691538}"
EndProject
Global
	GlobalSection(SolutionConfigurationPlatforms) = preSolution
		Debug|Any CPU = Debug|Any CPU
		Release|Any CPU = Release|Any CPU
	EndGlobalSection
	GlobalSection(ProjectConfigurationPlatforms) = postSolution
		{E1FB16FC-D98D-4A3F-8B8F-3941FBDD3CDD}.Debug|Any CPU.ActiveCfg = Debug|Any CPU
		{E1FB16FC-D98D-4A3F-8B8F-3941FBDD3CDD}.Debug|Any CPU.Build.0 = Debug|Any CPU
		{E1FB16FC-D98D-4A3F-8B8F-3941FBDD3CDD}.Release|Any CPU.ActiveCfg = Release|Any CPU
		{E1FB16FC-D98D-4A3F-8B8F-3941FBDD3CDD}.Release|Any CPU.Build.0 = Release|Any CPU
		{5B2999E3-7464-47C9-9DA4-EA34A5691538}.Debug|Any CPU.ActiveCfg = Debug|Any CPU
		{5B2999E3-7464-47C9-9DA4-EA34A5691538}.Debug|Any CPU.Build.0 = Debug|Any CPU
		{5B2999E3-7464-47C9-9DA4-EA34A5691538}.Release|Any CPU.ActiveCfg = Release|Any CPU
		{5B2999E3-7464-47C9-9DA4-EA34A5691538}.Release|Any CPU.Build.0 = Release|Any CPU
	EndGlobalSection
	GlobalSection(SolutionProperties) = preSolution
		HideSolutionNode = FALSE
	EndGlobalSection
EndGlobal
