
Microsoft Visual Studio Solution File, Format Version 12.00
# Visual Studio 15
VisualStudioVersion = 15.0.26323.1
MinimumVisualStudioVersion = 10.0.40219.1
Project("{FAE04EC0-301F-11D3-BF4B-00C04F79EFBC}") = "Angular2 web app1", "Angular2 web app1\Angular2 web app1.csproj", "{BD435E48-F1D6-491A-B14F-C368748A76F8}"
EndProject
Global
	GlobalSection(SolutionConfigurationPlatforms) = preSolution
		Debug|Any CPU = Debug|Any CPU
		Release|Any CPU = Release|Any CPU
	EndGlobalSection
	GlobalSection(ProjectConfigurationPlatforms) = postSolution
		{BD435E48-F1D6-491A-B14F-C368748A76F8}.Debug|Any CPU.ActiveCfg = Debug|Any CPU
		{BD435E48-F1D6-491A-B14F-C368748A76F8}.Debug|Any CPU.Build.0 = Debug|Any CPU
		{BD435E48-F1D6-491A-B14F-C368748A76F8}.Release|Any CPU.ActiveCfg = Release|Any CPU
		{BD435E48-F1D6-491A-B14F-C368748A76F8}.Release|Any CPU.Build.0 = Release|Any CPU
	EndGlobalSection
	GlobalSection(SolutionProperties) = preSolution
		HideSolutionNode = FALSE
	EndGlobalSection
EndGlobal
